
Microsoft Visual Studio Solution File, Format Version 12.00
# Visual Studio Version 16
VisualStudioVersion = 16.0.30011.22
MinimumVisualStudioVersion = 10.0.40219.1
Project("{FAE04EC0-301F-11D3-BF4B-00C04F79EFBC}") = "Entidades", "Entidades\Entidades.csproj", "{B87B5887-BE8E-495B-9F09-57AB05568B62}"
EndProject
Project("{FAE04EC0-301F-11D3-BF4B-00C04F79EFBC}") = "MiCalculadora", "MiCalculadora\MiCalculadora.csproj", "{BF932FD8-474D-45EF-B2A0-35581170BD5D}"
EndProject
Global
	GlobalSection(SolutionConfigurationPlatforms) = preSolution
		Debug|Any CPU = Debug|Any CPU
		Release|Any CPU = Release|Any CPU
	EndGlobalSection
	GlobalSection(ProjectConfigurationPlatforms) = postSolution
		{B87B5887-BE8E-495B-9F09-57AB05568B62}.Debug|Any CPU.ActiveCfg = Debug|Any CPU
		{B87B5887-BE8E-495B-9F09-57AB05568B62}.Debug|Any CPU.Build.0 = Debug|Any CPU
		{B87B5887-BE8E-495B-9F09-57AB05568B62}.Release|Any CPU.ActiveCfg = Release|Any CPU
		{B87B5887-BE8E-495B-9F09-57AB05568B62}.Release|Any CPU.Build.0 = Release|Any CPU
		{BF932FD8-474D-45EF-B2A0-35581170BD5D}.Debug|Any CPU.ActiveCfg = Debug|Any CPU
		{BF932FD8-474D-45EF-B2A0-35581170BD5D}.Debug|Any CPU.Build.0 = Debug|Any CPU
		{BF932FD8-474D-45EF-B2A0-35581170BD5D}.Release|Any CPU.ActiveCfg = Release|Any CPU
		{BF932FD8-474D-45EF-B2A0-35581170BD5D}.Release|Any CPU.Build.0 = Release|Any CPU
	EndGlobalSection
	GlobalSection(SolutionProperties) = preSolution
		HideSolutionNode = FALSE
	EndGlobalSection
	GlobalSection(ExtensibilityGlobals) = postSolution
		SolutionGuid = {B80DACB3-EF0C-49A7-A2DB-6A304F7EDCD1}
	EndGlobalSection
EndGlobal
